
Microsoft Visual Studio Solution File, Format Version 12.00
# Visual Studio 15
VisualStudioVersion = 15.0.28010.2026
MinimumVisualStudioVersion = 10.0.40219.1
Project("{888888A0-9F3D-457C-B088-3A5042F75D52}") = "pyecgdel", "pyecgdel.pyproj", "{DDD16115-239B-43DB-97A9-41948884D5FF}"
EndProject
Global
	GlobalSection(SolutionConfigurationPlatforms) = preSolution
		Debug|Any CPU = Debug|Any CPU
		Release|Any CPU = Release|Any CPU
	EndGlobalSection
	GlobalSection(ProjectConfigurationPlatforms) = postSolution
		{DDD16115-239B-43DB-97A9-41948884D5FF}.Debug|Any CPU.ActiveCfg = Debug|Any CPU
		{DDD16115-239B-43DB-97A9-41948884D5FF}.Release|Any CPU.ActiveCfg = Release|Any CPU
	EndGlobalSection
	GlobalSection(SolutionProperties) = preSolution
		HideSolutionNode = FALSE
	EndGlobalSection
	GlobalSection(ExtensibilityGlobals) = postSolution
		SolutionGuid = {2C19E902-CE43-4B3A-9D08-43BF4425BCCE}
	EndGlobalSection
EndGlobal
